{
  "name": "Kubernetes-in-Action-Second-Edition",
  "lockfileVersion": 2,
  "requires": true,
  "packages": {
    "": {
      "dependencies": {
        "gitbook-plugin-sitemap-general": "^0.1.1"
      }
    },
    "node_modules/gitbook-plugin-sitemap-general": {
      "version": "0.1.1",
      "resolved": "https://registry.npmjs.org/gitbook-plugin-sitemap-general/-/gitbook-plugin-sitemap-general-0.1.1.tgz",
      "integrity": "sha512-Oe3ClhXzuxdsEnN7uhhMLIylXeMSFuW0YZhAe+Wk0agAXvlcBgOk61gnnp1Nde4QJ7lu2Vi2XNh2sI4uPGJT5g==",
      "dependencies": {
        "sitemap": "1.5.0"
      },
      "engines": {
        "gitbook": ">=3.0.0-pre.0"
      }
    },
    "node_modules/sitemap": {
      "version": "1.5.0",
      "resolved": "https://registry.npmjs.org/sitemap/-/sitemap-1.5.0.tgz",
      "integrity": "sha512-AGevBYvwFaoBsZoWClv8qlaA3lpoPCUnNh2zxIHl3coZXXD5U2+GKtkMBS3pXvl5NXvzN4R0392gN4YrIpSUmQ==",
      "dependencies": {
        "underscore": "^1.7.0",
        "url-join": "^0.0.1"
      }
    },
    "node_modules/underscore": {
      "version": "1.13.6",
      "resolved": "https://registry.npmjs.org/underscore/-/underscore-1.13.6.tgz",
      "integrity": "sha512-+A5Sja4HP1M08MaXya7p5LvjuM7K6q/2EaC0+iovj/wOcMsTzMvDFbasi/oSapiwOlt252IqsKqPjCl7huKS0A=="
    },
    "node_modules/url-join": {
      "version": "0.0.1",
      "resolved": "https://registry.npmjs.org/url-join/-/url-join-0.0.1.tgz",
      "integrity": "sha512-H6dnQ/yPAAVzMQRvEvyz01hhfQL5qRWSEt7BX8t9DqnPw9BjMb64fjIRq76Uvf1hkHp+mTZvEVJ5guXOT0Xqaw=="
    }
  },
  "dependencies": {
    "gitbook-plugin-sitemap-general": {
      "version": "0.1.1",
      "resolved": "https://registry.npmjs.org/gitbook-plugin-sitemap-general/-/gitbook-plugin-sitemap-general-0.1.1.tgz",
      "integrity": "sha512-Oe3ClhXzuxdsEnN7uhhMLIylXeMSFuW0YZhAe+Wk0agAXvlcBgOk61gnnp1Nde4QJ7lu2Vi2XNh2sI4uPGJT5g==",
      "requires": {
        "sitemap": "1.5.0"
      }
    },
    "sitemap": {
      "version": "1.5.0",
      "resolved": "https://registry.npmjs.org/sitemap/-/sitemap-1.5.0.tgz",
      "integrity": "sha512-AGevBYvwFaoBsZoWClv8qlaA3lpoPCUnNh2zxIHl3coZXXD5U2+GKtkMBS3pXvl5NXvzN4R0392gN4YrIpSUmQ==",
      "requires": {
        "underscore": "^1.7.0",
        "url-join": "^0.0.1"
      }
    },
    "underscore": {
      "version": "1.13.6",
      "resolved": "https://registry.npmjs.org/underscore/-/underscore-1.13.6.tgz",
      "integrity": "sha512-+A5Sja4HP1M08MaXya7p5LvjuM7K6q/2EaC0+iovj/wOcMsTzMvDFbasi/oSapiwOlt252IqsKqPjCl7huKS0A=="
    },
    "url-join": {
      "version": "0.0.1",
      "resolved": "https://registry.npmjs.org/url-join/-/url-join-0.0.1.tgz",
      "integrity": "sha512-H6dnQ/yPAAVzMQRvEvyz01hhfQL5qRWSEt7BX8t9DqnPw9BjMb64fjIRq76Uvf1hkHp+mTZvEVJ5guXOT0Xqaw=="
    }
  }
}
